
Microsoft Visual Studio Solution File, Format Version 12.00
# Visual Studio Version 16
VisualStudioVersion = 16.0.32802.440
MinimumVisualStudioVersion = 10.0.40219.1
Project("{9A19103F-16F7-4668-BE54-9A1E7A4F7556}") = "Clean_Arqui.Core", "Clean_Core\Clean_Arqui.Core.csproj", "{62A7D4ED-DBA5-4A92-819E-6422AD1581B9}"
EndProject
Project("{9A19103F-16F7-4668-BE54-9A1E7A4F7556}") = "Clean_Arqui.Infrastucture", "Clean_Arqui.Infrastucture\Clean_Arqui.Infrastucture.csproj", "{D11A074D-21E8-472A-A090-32A06DCFF16C}"
EndProject
Project("{2150E333-8FDC-42A3-9474-1A3956D46DE8}") = "Test", "Test", "{AD0C75B9-F3BE-4BDB-85AE-C84AA4D849F7}"
EndProject
Project("{9A19103F-16F7-4668-BE54-9A1E7A4F7556}") = "Clean_Arqui.UnitTests", "Clean_Arqui.UnitTests\Clean_Arqui.UnitTests.csproj", "{8091B521-E42D-4493-8B18-C427910CD87A}"
EndProject
Project("{9A19103F-16F7-4668-BE54-9A1E7A4F7556}") = "Clean_Arqui.IntegrationTests", "Clean_Arqui.IntegrationTests\Clean_Arqui.IntegrationTests.csproj", "{98A70DAD-B792-4C8D-A836-DF0A98F9FED9}"
EndProject
Project("{9A19103F-16F7-4668-BE54-9A1E7A4F7556}") = "Clean_Arqui.Web", "Clean_Arqui.Web\Clean_Arqui.Web.csproj", "{2D63BAB9-16D6-48D1-8F41-A4DA3349D5CB}"
EndProject
Project("{9A19103F-16F7-4668-BE54-9A1E7A4F7556}") = "Clean_Arqui.Api", "Clean_Arqui.Api\Clean_Arqui.Api.csproj", "{C33BFE61-E985-45B0-B93E-A0448F2B83F6}"
EndProject
Project("{2150E333-8FDC-42A3-9474-1A3956D46DE8}") = "kubernetes", "kubernetes", "{06C18A2E-4DED-43EA-8F13-50D1640B638C}"
	ProjectSection(SolutionItems) = preProject
		microservice-clean_arqui_api-deploy.yml = microservice-clean_arqui_api-deploy.yml
		microservice-clean_arqui_api-pod.yml = microservice-clean_arqui_api-pod.yml
		microservice-clean_arqui_api-service.yml = microservice-clean_arqui_api-service.yml
		microservice-clean_arqui_web-pod.yml = microservice-clean_arqui_web-pod.yml
		sqlserver-deploy.yml = sqlserver-deploy.yml
		sqlserver-pod.yml = sqlserver-pod.yml
		sqlserver-service.yml = sqlserver-service.yml
	EndProjectSection
EndProject
Project("{2150E333-8FDC-42A3-9474-1A3956D46DE8}") = "Solution Items", "Solution Items", "{C2F94F41-D24B-46CD-9C00-AEA76BBE1435}"
	ProjectSection(SolutionItems) = preProject
		.editorconfig = .editorconfig
	EndProjectSection
EndProject
Global
	GlobalSection(SolutionConfigurationPlatforms) = preSolution
		Debug|Any CPU = Debug|Any CPU
		Release|Any CPU = Release|Any CPU
	EndGlobalSection
	GlobalSection(ProjectConfigurationPlatforms) = postSolution
		{62A7D4ED-DBA5-4A92-819E-6422AD1581B9}.Debug|Any CPU.ActiveCfg = Debug|Any CPU
		{62A7D4ED-DBA5-4A92-819E-6422AD1581B9}.Debug|Any CPU.Build.0 = Debug|Any CPU
		{62A7D4ED-DBA5-4A92-819E-6422AD1581B9}.Release|Any CPU.ActiveCfg = Release|Any CPU
		{62A7D4ED-DBA5-4A92-819E-6422AD1581B9}.Release|Any CPU.Build.0 = Release|Any CPU
		{D11A074D-21E8-472A-A090-32A06DCFF16C}.Debug|Any CPU.ActiveCfg = Debug|Any CPU
		{D11A074D-21E8-472A-A090-32A06DCFF16C}.Debug|Any CPU.Build.0 = Debug|Any CPU
		{D11A074D-21E8-472A-A090-32A06DCFF16C}.Release|Any CPU.ActiveCfg = Release|Any CPU
		{D11A074D-21E8-472A-A090-32A06DCFF16C}.Release|Any CPU.Build.0 = Release|Any CPU
		{8091B521-E42D-4493-8B18-C427910CD87A}.Debug|Any CPU.ActiveCfg = Debug|Any CPU
		{8091B521-E42D-4493-8B18-C427910CD87A}.Debug|Any CPU.Build.0 = Debug|Any CPU
		{8091B521-E42D-4493-8B18-C427910CD87A}.Release|Any CPU.ActiveCfg = Release|Any CPU
		{8091B521-E42D-4493-8B18-C427910CD87A}.Release|Any CPU.Build.0 = Release|Any CPU
		{98A70DAD-B792-4C8D-A836-DF0A98F9FED9}.Debug|Any CPU.ActiveCfg = Debug|Any CPU
		{98A70DAD-B792-4C8D-A836-DF0A98F9FED9}.Debug|Any CPU.Build.0 = Debug|Any CPU
		{98A70DAD-B792-4C8D-A836-DF0A98F9FED9}.Release|Any CPU.ActiveCfg = Release|Any CPU
		{98A70DAD-B792-4C8D-A836-DF0A98F9FED9}.Release|Any CPU.Build.0 = Release|Any CPU
		{2D63BAB9-16D6-48D1-8F41-A4DA3349D5CB}.Debug|Any CPU.ActiveCfg = Debug|Any CPU
		{2D63BAB9-16D6-48D1-8F41-A4DA3349D5CB}.Debug|Any CPU.Build.0 = Debug|Any CPU
		{2D63BAB9-16D6-48D1-8F41-A4DA3349D5CB}.Release|Any CPU.ActiveCfg = Release|Any CPU
		{2D63BAB9-16D6-48D1-8F41-A4DA3349D5CB}.Release|Any CPU.Build.0 = Release|Any CPU
		{C33BFE61-E985-45B0-B93E-A0448F2B83F6}.Debug|Any CPU.ActiveCfg = Debug|Any CPU
		{C33BFE61-E985-45B0-B93E-A0448F2B83F6}.Debug|Any CPU.Build.0 = Debug|Any CPU
		{C33BFE61-E985-45B0-B93E-A0448F2B83F6}.Release|Any CPU.ActiveCfg = Release|Any CPU
		{C33BFE61-E985-45B0-B93E-A0448F2B83F6}.Release|Any CPU.Build.0 = Release|Any CPU
	EndGlobalSection
	GlobalSection(SolutionProperties) = preSolution
		HideSolutionNode = FALSE
	EndGlobalSection
	GlobalSection(NestedProjects) = preSolution
		{8091B521-E42D-4493-8B18-C427910CD87A} = {AD0C75B9-F3BE-4BDB-85AE-C84AA4D849F7}
		{98A70DAD-B792-4C8D-A836-DF0A98F9FED9} = {AD0C75B9-F3BE-4BDB-85AE-C84AA4D849F7}
	EndGlobalSection
	GlobalSection(ExtensibilityGlobals) = postSolution
		SolutionGuid = {22945C67-3132-41F7-8659-09BB907E0725}
	EndGlobalSection
EndGlobal
